
Microsoft Visual Studio Solution File, Format Version 12.00
# Visual Studio Version 16
VisualStudioVersion = 16.0.31402.337
MinimumVisualStudioVersion = 10.0.40219.1
Project("{FAE04EC0-301F-11D3-BF4B-00C04F79EFBC}") = "LineaPoligonal", "LineaPoligonal\LineaPoligonal.csproj", "{1A32C2E2-C1C2-46E3-9DEB-7921258B8E7D}"
EndProject
Global
	GlobalSection(SolutionConfigurationPlatforms) = preSolution
		Debug|Any CPU = Debug|Any CPU
		Release|Any CPU = Release|Any CPU
	EndGlobalSection
	GlobalSection(ProjectConfigurationPlatforms) = postSolution
		{1A32C2E2-C1C2-46E3-9DEB-7921258B8E7D}.Debug|Any CPU.ActiveCfg = Debug|Any CPU
		{1A32C2E2-C1C2-46E3-9DEB-7921258B8E7D}.Debug|Any CPU.Build.0 = Debug|Any CPU
		{1A32C2E2-C1C2-46E3-9DEB-7921258B8E7D}.Release|Any CPU.ActiveCfg = Release|Any CPU
		{1A32C2E2-C1C2-46E3-9DEB-7921258B8E7D}.Release|Any CPU.Build.0 = Release|Any CPU
	EndGlobalSection
	GlobalSection(SolutionProperties) = preSolution
		HideSolutionNode = FALSE
	EndGlobalSection
	GlobalSection(ExtensibilityGlobals) = postSolution
		SolutionGuid = {8E6765EB-9F83-4256-90AC-AAD4465D4027}
	EndGlobalSection
EndGlobal
